
Microsoft Visual Studio Solution File, Format Version 12.00
# Visual Studio Version 17
VisualStudioVersion = 17.2.32630.192
MinimumVisualStudioVersion = 10.0.40219.1
Project("{FAE04EC0-301F-11D3-BF4B-00C04F79EFBC}") = "StudentAPP.API", "StudentAPP.API\StudentAPP.API.csproj", "{31D677A7-9DA2-49C6-B200-F88E806575B9}"
EndProject
Project("{FAE04EC0-301F-11D3-BF4B-00C04F79EFBC}") = "StudentAPP.Domain", "StudentAPP.Domain\StudentAPP.Domain.csproj", "{17A7AAA3-82E7-43B5-AD4E-624B3352DB6D}"
EndProject
Global
	GlobalSection(SolutionConfigurationPlatforms) = preSolution
		Debug|Any CPU = Debug|Any CPU
		Release|Any CPU = Release|Any CPU
	EndGlobalSection
	GlobalSection(ProjectConfigurationPlatforms) = postSolution
		{31D677A7-9DA2-49C6-B200-F88E806575B9}.Debug|Any CPU.ActiveCfg = Debug|Any CPU
		{31D677A7-9DA2-49C6-B200-F88E806575B9}.Debug|Any CPU.Build.0 = Debug|Any CPU
		{31D677A7-9DA2-49C6-B200-F88E806575B9}.Release|Any CPU.ActiveCfg = Release|Any CPU
		{31D677A7-9DA2-49C6-B200-F88E806575B9}.Release|Any CPU.Build.0 = Release|Any CPU
		{17A7AAA3-82E7-43B5-AD4E-624B3352DB6D}.Debug|Any CPU.ActiveCfg = Debug|Any CPU
		{17A7AAA3-82E7-43B5-AD4E-624B3352DB6D}.Debug|Any CPU.Build.0 = Debug|Any CPU
		{17A7AAA3-82E7-43B5-AD4E-624B3352DB6D}.Release|Any CPU.ActiveCfg = Release|Any CPU
		{17A7AAA3-82E7-43B5-AD4E-624B3352DB6D}.Release|Any CPU.Build.0 = Release|Any CPU
	EndGlobalSection
	GlobalSection(SolutionProperties) = preSolution
		HideSolutionNode = FALSE
	EndGlobalSection
	GlobalSection(ExtensibilityGlobals) = postSolution
		SolutionGuid = {035636AC-6945-4E48-821F-E78D67271DF0}
	EndGlobalSection
EndGlobal
